
Microsoft Visual Studio Solution File, Format Version 12.00
# Visual Studio 15
VisualStudioVersion = 15.0.27130.2020
MinimumVisualStudioVersion = 10.0.40219.1
Project("{8BC9CEB8-8B4A-11D0-8D11-00A0C91BC942}") = "day12", "day12\day12.vcxproj", "{04D6CABD-0D1E-401A-A22B-8879091F1228}"
EndProject
Global
	GlobalSection(SolutionConfigurationPlatforms) = preSolution
		Debug|x64 = Debug|x64
		Debug|x86 = Debug|x86
		Release|x64 = Release|x64
		Release|x86 = Release|x86
	EndGlobalSection
	GlobalSection(ProjectConfigurationPlatforms) = postSolution
		{04D6CABD-0D1E-401A-A22B-8879091F1228}.Debug|x64.ActiveCfg = Debug|x64
		{04D6CABD-0D1E-401A-A22B-8879091F1228}.Debug|x64.Build.0 = Debug|x64
		{04D6CABD-0D1E-401A-A22B-8879091F1228}.Debug|x86.ActiveCfg = Debug|Win32
		{04D6CABD-0D1E-401A-A22B-8879091F1228}.Debug|x86.Build.0 = Debug|Win32
		{04D6CABD-0D1E-401A-A22B-8879091F1228}.Release|x64.ActiveCfg = Release|x64
		{04D6CABD-0D1E-401A-A22B-8879091F1228}.Release|x64.Build.0 = Release|x64
		{04D6CABD-0D1E-401A-A22B-8879091F1228}.Release|x86.ActiveCfg = Release|Win32
		{04D6CABD-0D1E-401A-A22B-8879091F1228}.Release|x86.Build.0 = Release|Win32
	EndGlobalSection
	GlobalSection(SolutionProperties) = preSolution
		HideSolutionNode = FALSE
	EndGlobalSection
	GlobalSection(ExtensibilityGlobals) = postSolution
		SolutionGuid = {273CBEDF-223A-40C1-AB82-BAC59FC92230}
	EndGlobalSection
EndGlobal
